
Microsoft Visual Studio Solution File, Format Version 12.00
# Visual Studio Version 16
VisualStudioVersion = 16.0.31515.178
MinimumVisualStudioVersion = 10.0.40219.1
Project("{9A19103F-16F7-4668-BE54-9A1E7A4F7556}") = "TgManager", "TgManager\TgManager.csproj", "{D7591A14-095C-46D0-A815-B26879CD5BD7}"
EndProject
Project("{9A19103F-16F7-4668-BE54-9A1E7A4F7556}") = "TgSpamer", "TgSpamer\TgSpamer.csproj", "{526B4425-7E74-4655-B061-BCB5C154475B}"
EndProject
Project("{FAE04EC0-301F-11D3-BF4B-00C04F79EFBC}") = "TgSearch", "TgSearch\TgSearch.csproj", "{F0286B0E-AA36-4B0D-A145-B1832601D1D4}"
EndProject
Global
	GlobalSection(SolutionConfigurationPlatforms) = preSolution
		Debug|Any CPU = Debug|Any CPU
		Release|Any CPU = Release|Any CPU
	EndGlobalSection
	GlobalSection(ProjectConfigurationPlatforms) = postSolution
		{D7591A14-095C-46D0-A815-B26879CD5BD7}.Debug|Any CPU.ActiveCfg = Debug|Any CPU
		{D7591A14-095C-46D0-A815-B26879CD5BD7}.Debug|Any CPU.Build.0 = Debug|Any CPU
		{D7591A14-095C-46D0-A815-B26879CD5BD7}.Release|Any CPU.ActiveCfg = Release|Any CPU
		{D7591A14-095C-46D0-A815-B26879CD5BD7}.Release|Any CPU.Build.0 = Release|Any CPU
		{526B4425-7E74-4655-B061-BCB5C154475B}.Debug|Any CPU.ActiveCfg = Debug|Any CPU
		{526B4425-7E74-4655-B061-BCB5C154475B}.Debug|Any CPU.Build.0 = Debug|Any CPU
		{526B4425-7E74-4655-B061-BCB5C154475B}.Release|Any CPU.ActiveCfg = Release|Any CPU
		{526B4425-7E74-4655-B061-BCB5C154475B}.Release|Any CPU.Build.0 = Release|Any CPU
		{F0286B0E-AA36-4B0D-A145-B1832601D1D4}.Debug|Any CPU.ActiveCfg = Debug|Any CPU
		{F0286B0E-AA36-4B0D-A145-B1832601D1D4}.Debug|Any CPU.Build.0 = Debug|Any CPU
		{F0286B0E-AA36-4B0D-A145-B1832601D1D4}.Release|Any CPU.ActiveCfg = Release|Any CPU
		{F0286B0E-AA36-4B0D-A145-B1832601D1D4}.Release|Any CPU.Build.0 = Release|Any CPU
	EndGlobalSection
	GlobalSection(SolutionProperties) = preSolution
		HideSolutionNode = FALSE
	EndGlobalSection
	GlobalSection(ExtensibilityGlobals) = postSolution
		SolutionGuid = {F2EB996F-3F9F-48FD-B4F0-2D597052FC7A}
	EndGlobalSection
EndGlobal
